{
  "name": "looptroop-ci-pnpm",
  "lockfileVersion": 3,
  "requires": true,
  "packages": {
    "": {
      "name": "looptroop-ci-pnpm",
      "dependencies": {
        "pnpm": "12.7.0"
      }
    },
    "node_modules/@pnpm/exe.android-arm64": {
      "version": "12.7.0",
      "resolved": "https://registry.npmjs.org/@pnpm/exe.android-arm64/-/exe.android-arm64-12.7.0.tgz",
      "integrity": "sha512-gJTCsUbazAEbIMF9l2t+z3YWHCI0AiThtBsxU6FrxXK0tZsBRZZWpleLs0uY8Dy6V0RcPEusn3UyuAyFn3dkeA==",
      "cpu": [
        "arm64"
      ],
      "license": "MIT",
      "optional": true,
      "os": [
        "android"
      ]
    },
    "node_modules/@pnpm/exe.android-x64": {
      "version": "12.7.0",
      "resolved": "https://registry.npmjs.org/@pnpm/exe.android-x64/-/exe.android-x64-12.7.0.tgz",
      "integrity": "sha512-7187pEwqAwbrmXesKiCXfmQUARVacBooJDTWqL+9olZh7sZwnECq5pB/KzuYZbnmdHZUkBWRyvChzKojmtSE7Q==",
      "cpu": [
        "x64"
      ],
      "license": "MIT",
      "optional": true,
      "os": [
        "android"
      ]
    },
    "node_modules/@pnpm/exe.darwin-arm64": {
      "version": "12.7.0",
      "resolved": "https://registry.npmjs.org/@pnpm/exe.darwin-arm64/-/exe.darwin-arm64-12.7.0.tgz",
      "integrity": "sha512-ppzJ2ln60/Oq0BJpy5bHqwZb0q1Trg/+xb7myxjaIgZfaybwnH3OuFX5w8PPQdRrjYwljgygYLC/7LMtZc/iuQ==",
      "cpu": [
        "arm64"
      ],
      "license": "MIT",
      "optional": true,
      "os": [
        "darwin"
      ]
    },
    "node_modules/@pnpm/exe.darwin-x64": {
      "version": "12.7.0",
      "resolved": "https://registry.npmjs.org/@pnpm/exe.darwin-x64/-/exe.darwin-x64-12.7.0.tgz",
      "integrity": "sha512-+qxS/A5O4rFD7T+qqWnWjESbKVAzKsh9LubDHt9xZ34AbwVk3ZFcAW/7vX5R1jqq+uGgziMPtcVJKc5CICVHCQ==",
      "cpu": [
        "x64"
      ],
      "license": "MIT",
      "optional": true,
      "os": [
        "darwin"
      ]
    },
    "node_modules/@pnpm/exe.freebsd-x64": {
      "version": "12.7.0",
      "resolved": "https://registry.npmjs.org/@pnpm/exe.freebsd-x64/-/exe.freebsd-x64-12.7.0.tgz",
      "integrity": "sha512-uv0x93hoecec7IlT/FCwQe2siStGspG7G3EZQtIHH2n3ClDzbsQcEiW1QbMoAyZoLVrR7Pm9ovTndUCRcZ5y1g==",
      "cpu": [
        "x64"
      ],
      "license": "MIT",
      "optional": true,
      "os": [
        "freebsd"
      ]
    },
    "node_modules/@pnpm/exe.linux-arm64": {
      "version": "12.7.0",
      "resolved": "https://registry.npmjs.org/@pnpm/exe.linux-arm64/-/exe.linux-arm64-12.7.0.tgz",
      "integrity": "sha512-vwPQU+Bt3qXMhzjcmMa25W3yP8OyF9yFxHoojr10QJm9lRUmz/SwtM2oHbHKZKkyid/ngmMARXsChFyuRQig5w==",
      "cpu": [
        "arm64"
      ],
      "libc": [
        "glibc"
      ],
      "license": "MIT",
      "optional": true,
      "os": [
        "linux"
      ]
    },
    "node_modules/@pnpm/exe.linux-arm64-musl": {
      "version": "12.7.0",
      "resolved": "https://registry.npmjs.org/@pnpm/exe.linux-arm64-musl/-/exe.linux-arm64-musl-12.7.0.tgz",
      "integrity": "sha512-XZlRiVL/l8mOhPyaocElpaHq6rKHDvkP/oyo1hHgUePX+XzBtQ0KLEgkBLZbk1/f5yGWimQTPmBNvzaYzQLdOg==",
      "cpu": [
        "arm64"
      ],
      "libc": [
        "musl"
      ],
      "license": "MIT",
      "optional": true,
      "os": [
        "linux"
      ]
    },
    "node_modules/@pnpm/exe.linux-ppc64": {
      "version": "12.7.0",
      "resolved": "https://registry.npmjs.org/@pnpm/exe.linux-ppc64/-/exe.linux-ppc64-12.7.0.tgz",
      "integrity": "sha512-qzE3TEXYLw0gR2ytclbsGeQ7cA981GeTHMAn86cw9+Jn8nQNa8LZ5ZzCxKRXtGvkEN/FDc0oyGdtILT4JHSStg==",
      "cpu": [
        "ppc64"
      ],
      "libc": [
        "glibc"
      ],
      "license": "MIT",
      "optional": true,
      "os": [
        "linux"
      ]
    },
    "node_modules/@pnpm/exe.linux-riscv64": {
      "version": "12.7.0",
      "resolved": "https://registry.npmjs.org/@pnpm/exe.linux-riscv64/-/exe.linux-riscv64-12.7.0.tgz",
      "integrity": "sha512-bTw09mf/v+AuftWePL7pO3WZR0p52A9flr8zpGlcvxKUAKRTE2BDOVeZsWk/8f01ZaO2/0ECtEds6CKfec591w==",
      "cpu": [
        "riscv64"
      ],
      "libc": [
        "glibc"
      ],
      "license": "MIT",
      "optional": true,
      "os": [
        "linux"
      ]
    },
    "node_modules/@pnpm/exe.linux-s390x": {
      "version": "12.7.0",
      "resolved": "https://registry.npmjs.org/@pnpm/exe.linux-s390x/-/exe.linux-s390x-12.7.0.tgz",
      "integrity": "sha512-frVk6Ilh2sKVs+CINnJCp3+kiGRi/cE3DARmFftljlrGX09livS4UU37uc7EsAxI4Kbt0WZjeTVT2q6XbVJCrA==",
      "cpu": [
        "s390x"
      ],
      "libc": [
        "glibc"
      ],
      "license": "MIT",
      "optional": true,
      "os": [
        "linux"
      ]
    },
    "node_modules/@pnpm/exe.linux-x64": {
      "version": "12.7.0",
      "resolved": "https://registry.npmjs.org/@pnpm/exe.linux-x64/-/exe.linux-x64-12.7.0.tgz",
      "integrity": "sha512-gGW7NJFmr33IJ6KZu+1w90KBtFxMVf/+AUG8aKJpy4v6dRnUd5v84PcH2ejUuxp/fm3zM0IY6h9LwcYPu9dxdg==",
      "cpu": [
        "x64"
      ],
      "libc": [
        "glibc"
      ],
      "license": "MIT",
      "optional": true,
      "os": [
        "linux"
      ]
    },
    "node_modules/@pnpm/exe.linux-x64-musl": {
      "version": "12.7.0",
      "resolved": "https://registry.npmjs.org/@pnpm/exe.linux-x64-musl/-/exe.linux-x64-musl-12.7.0.tgz",
      "integrity": "sha512-AhoNY7xkhUb0GLqjrtxmxKZsoNM1Jea/VH/ypxt9nyBA5gXJGXo6uM+2Pode3vrWf1rSiVGicokkyEZLkDKf+A==",
      "cpu": [
        "x64"
      ],
      "libc": [
        "musl"
      ],
      "license": "MIT",
      "optional": true,
      "os": [
        "linux"
      ]
    },
    "node_modules/@pnpm/exe.win32-arm64": {
      "version": "12.7.0",
      "resolved": "https://registry.npmjs.org/@pnpm/exe.win32-arm64/-/exe.win32-arm64-12.7.0.tgz",
      "integrity": "sha512-cI+aZwzOCQc7hQwCA1BydiM3FpxVHdfdMzI3jOG7MQ0d8NHvk5MrdKTTKiKJH2L5VdwWoWHFXbnvhCEyN/fVsg==",
      "cpu": [
        "arm64"
      ],
      "license": "MIT",
      "optional": true,
      "os": [
        "win32"
      ]
    },
    "node_modules/@pnpm/exe.win32-x64": {
      "version": "12.7.0",
      "resolved": "https://registry.npmjs.org/@pnpm/exe.win32-x64/-/exe.win32-x64-12.7.0.tgz",
      "integrity": "sha512-+eZ6gFsDbdyuw7GO7amdRh+GpjrQOIe9qjjOmeznWeEsfEeD8GNSrRXtbWe/zpPcxheexAnO7UCeavkhHLVFWg==",
      "cpu": [
        "x64"
      ],
      "license": "MIT",
      "optional": true,
      "os": [
        "win32"
      ]
    },
    "node_modules/pnpm": {
      "version": "12.7.0",
      "resolved": "https://registry.npmjs.org/pnpm/-/pnpm-12.7.0.tgz",
      "integrity": "sha512-nFZHfjYAaNbp3KapLvtORrPcWlL86/PYTXi5c2wN7ViaVhYhpS9oIZp6OfrMY83AecMibvnJ1fArefdOaagHtg==",
      "hasInstallScript": true,
      "license": "MIT",
      "bin": {
        "pn": "pn",
        "pnpm": "pnpm",
        "pnpx": "pnpx",
        "pnx": "pnx"
      },
      "engines": {
        "node": ">=18.*"
      },
      "optionalDependencies": {
        "@pnpm/exe.android-arm64": "12.7.0",
        "@pnpm/exe.android-x64": "12.7.0",
        "@pnpm/exe.darwin-arm64": "12.7.0",
        "@pnpm/exe.darwin-x64": "12.7.0",
        "@pnpm/exe.freebsd-x64": "12.7.0",
        "@pnpm/exe.linux-arm64": "12.7.0",
        "@pnpm/exe.linux-arm64-musl": "12.7.0",
        "@pnpm/exe.linux-ppc64": "12.7.0",
        "@pnpm/exe.linux-riscv64": "12.7.0",
        "@pnpm/exe.linux-s390x": "12.7.0",
        "@pnpm/exe.linux-x64": "12.7.0",
        "@pnpm/exe.linux-x64-musl": "12.7.0",
        "@pnpm/exe.win32-arm64": "12.7.0",
        "@pnpm/exe.win32-x64": "12.7.0"
      }
    }
  }
}
