{
  "name": "looptroop-ci-pnpm",
  "lockfileVersion": 3,
  "requires": true,
  "packages": {
    "": {
      "name": "looptroop-ci-pnpm",
      "dependencies": {
        "pnpm": "11.27.0"
      }
    },
    "node_modules/pnpm": {
      "version": "11.27.0",
      "resolved": "https://registry.npmjs.org/pnpm/-/pnpm-11.27.0.tgz",
      "integrity": "sha512-rRKCFGO7FDKV8fo+zed6a5uXp5kDhtqAD/V7/8OWTcZLexx1WdXb5cM3rqZZ7ZyJN9Q3C9GYyiAJvG+gJJgI5w==",
      "license": "MIT",
      "bin": {
        "pn": "bin/pnpm.mjs",
        "pnpm": "bin/pnpm.mjs",
        "pnpx": "bin/pnpx.mjs",
        "pnx": "bin/pnpx.mjs"
      },
      "engines": {
        "node": ">=22.13"
      },
      "funding": {
        "url": "https://opencollective.com/pnpm"
      }
    }
  }
}
