{
  "name": "looptroop-ci-opencode-v2",
  "lockfileVersion": 3,
  "requires": true,
  "packages": {
    "": {
      "name": "looptroop-ci-opencode-v2",
      "dependencies": {
        "@opencode/cli": "2.0.16"
      }
    },
    "node_modules/@opencode/cli": {
      "version": "2.0.16",
      "resolved": "https://registry.npmjs.org/@opencode/cli/-/cli-2.0.16.tgz",
      "integrity": "sha512-x8FzHgXduEoFWQsuTZ5K/uyOCCwqa6jDVQt6P0lQkhsYCCQpiwUisjnmdzZlmaJuHwEVUmE4tH9YyW472gTDzQ==",
      "cpu": [
        "arm64",
        "x64"
      ],
      "hasInstallScript": true,
      "license": "MIT",
      "os": [
        "darwin",
        "linux",
        "win32"
      ],
      "bin": {
        "opencode": "bin/opencode.exe",
        "opencode2": "bin/opencode.exe"
      },
      "optionalDependencies": {
        "@opencode/cli-darwin-arm64": "2.0.16",
        "@opencode/cli-darwin-x64": "2.0.16",
        "@opencode/cli-darwin-x64-baseline": "2.0.16",
        "@opencode/cli-linux-arm64": "2.0.16",
        "@opencode/cli-linux-arm64-musl": "2.0.16",
        "@opencode/cli-linux-x64": "2.0.16",
        "@opencode/cli-linux-x64-baseline": "2.0.16",
        "@opencode/cli-linux-x64-baseline-musl": "2.0.16",
        "@opencode/cli-linux-x64-musl": "2.0.16",
        "@opencode/cli-windows-arm64": "2.0.16",
        "@opencode/cli-windows-x64": "2.0.16",
        "@opencode/cli-windows-x64-baseline": "2.0.16"
      }
    },
    "node_modules/@opencode/cli-darwin-arm64": {
      "version": "2.0.16",
      "resolved": "https://registry.npmjs.org/@opencode/cli-darwin-arm64/-/cli-darwin-arm64-2.0.16.tgz",
      "integrity": "sha512-WlzjaxNb/QY/nJk93AbFNmlxpb5YDdy/2/6FPLbd10QbrkYtfz1TmI6Y0sM3BASDOLG/yJ+0oBfj9OZ5fZ5rfA==",
      "cpu": [
        "arm64"
      ],
      "license": "MIT",
      "optional": true,
      "os": [
        "darwin"
      ]
    },
    "node_modules/@opencode/cli-darwin-x64": {
      "version": "2.0.16",
      "resolved": "https://registry.npmjs.org/@opencode/cli-darwin-x64/-/cli-darwin-x64-2.0.16.tgz",
      "integrity": "sha512-CdVCiYfFAOVXdt+DP0vrUqpDxJHzs/vGX8PNxfSPeJuw3lNmn/5JxeQC7dkasSm7FQFphNdU/2rkys38rGU6pA==",
      "cpu": [
        "x64"
      ],
      "license": "MIT",
      "optional": true,
      "os": [
        "darwin"
      ]
    },
    "node_modules/@opencode/cli-darwin-x64-baseline": {
      "version": "2.0.16",
      "resolved": "https://registry.npmjs.org/@opencode/cli-darwin-x64-baseline/-/cli-darwin-x64-baseline-2.0.16.tgz",
      "integrity": "sha512-T+tKaSaDXMF9t0mNV3bflCQNeK5mAdqnDBHsisT+9AHYztsyoRr2oeVrR5bjMC5PeyxTJLYrlLVUTOkbgFyUFA==",
      "cpu": [
        "x64"
      ],
      "license": "MIT",
      "optional": true,
      "os": [
        "darwin"
      ]
    },
    "node_modules/@opencode/cli-linux-arm64": {
      "version": "2.0.16",
      "resolved": "https://registry.npmjs.org/@opencode/cli-linux-arm64/-/cli-linux-arm64-2.0.16.tgz",
      "integrity": "sha512-BThpExec9wEIhC4U9iRY/jWecM8bVOVuYw2YTYYZ/qNn2r/RljDG2flngDmCZFM1cC6miu2kqOgPkVnVeqaapQ==",
      "cpu": [
        "arm64"
      ],
      "license": "MIT",
      "optional": true,
      "os": [
        "linux"
      ]
    },
    "node_modules/@opencode/cli-linux-arm64-musl": {
      "version": "2.0.16",
      "resolved": "https://registry.npmjs.org/@opencode/cli-linux-arm64-musl/-/cli-linux-arm64-musl-2.0.16.tgz",
      "integrity": "sha512-lL5nQm2PSahKKVLAiX0uSBuD+4AdP8CGjfr60tI69sYJ7xoEDfVw1kCuJY9SW0NMT4uBso1gkD8StYttBHXYMw==",
      "cpu": [
        "arm64"
      ],
      "license": "MIT",
      "optional": true,
      "os": [
        "linux"
      ]
    },
    "node_modules/@opencode/cli-linux-x64": {
      "version": "2.0.16",
      "resolved": "https://registry.npmjs.org/@opencode/cli-linux-x64/-/cli-linux-x64-2.0.16.tgz",
      "integrity": "sha512-BVmvVddA7c4VhSXgTiGtZB9pU+xTyFgsd56KkvQoYMydqy8xfzPGu9BRwQVCG/RTxGhRAwda/MYEWarddscIUg==",
      "cpu": [
        "x64"
      ],
      "license": "MIT",
      "optional": true,
      "os": [
        "linux"
      ]
    },
    "node_modules/@opencode/cli-linux-x64-baseline": {
      "version": "2.0.16",
      "resolved": "https://registry.npmjs.org/@opencode/cli-linux-x64-baseline/-/cli-linux-x64-baseline-2.0.16.tgz",
      "integrity": "sha512-gux35kDqrnl41h41d4xudIN/fab/7hfBlLtYb3dbSdCC+bhwL1TmD9M3PIMaeznya8tqra31HMyRkc7aeJFnYg==",
      "cpu": [
        "x64"
      ],
      "license": "MIT",
      "optional": true,
      "os": [
        "linux"
      ]
    },
    "node_modules/@opencode/cli-linux-x64-baseline-musl": {
      "version": "2.0.16",
      "resolved": "https://registry.npmjs.org/@opencode/cli-linux-x64-baseline-musl/-/cli-linux-x64-baseline-musl-2.0.16.tgz",
      "integrity": "sha512-CeD2oYHH/vR2jCs7CSJoWWWpvGMy5iNWWyy4BpjdjravfwjqcgbKgaVm9BABnAMlHPFJklz1upvPyfYk/nEaEw==",
      "cpu": [
        "x64"
      ],
      "license": "MIT",
      "optional": true,
      "os": [
        "linux"
      ]
    },
    "node_modules/@opencode/cli-linux-x64-musl": {
      "version": "2.0.16",
      "resolved": "https://registry.npmjs.org/@opencode/cli-linux-x64-musl/-/cli-linux-x64-musl-2.0.16.tgz",
      "integrity": "sha512-QUQQG8nwzROSwSX7NT3o4Dq8pSdxqBYLaBNVB7WBvpkylg7eTbMtPEQwYtEJHdNLprHkPkJJudZn1yHHMG+JdA==",
      "cpu": [
        "x64"
      ],
      "license": "MIT",
      "optional": true,
      "os": [
        "linux"
      ]
    },
    "node_modules/@opencode/cli-windows-arm64": {
      "version": "2.0.16",
      "resolved": "https://registry.npmjs.org/@opencode/cli-windows-arm64/-/cli-windows-arm64-2.0.16.tgz",
      "integrity": "sha512-zZqQ/yxkGuoVSRup4LXhOEN/4KhSSv4qS+sqsDdTpsD/4oMw7OkYIV+rQ4vdPeqGPmBK2OeevmBUndEUusBHmA==",
      "cpu": [
        "arm64"
      ],
      "license": "MIT",
      "optional": true,
      "os": [
        "win32"
      ]
    },
    "node_modules/@opencode/cli-windows-x64": {
      "version": "2.0.16",
      "resolved": "https://registry.npmjs.org/@opencode/cli-windows-x64/-/cli-windows-x64-2.0.16.tgz",
      "integrity": "sha512-0Nia1Zq9dz/AUNhpXIcHG1rbIFH/17DH/l6NajfYEnv0clZ505BtqbsTZ0YpHoR0h+TpYQ6tkaGyrulS/FRwIQ==",
      "cpu": [
        "x64"
      ],
      "license": "MIT",
      "optional": true,
      "os": [
        "win32"
      ]
    },
    "node_modules/@opencode/cli-windows-x64-baseline": {
      "version": "2.0.16",
      "resolved": "https://registry.npmjs.org/@opencode/cli-windows-x64-baseline/-/cli-windows-x64-baseline-2.0.16.tgz",
      "integrity": "sha512-MyfEOA9Pzsx4yary0WcLrXhjsQjIOfaeq1ngmLxBpmTWV6EBmtL5VZ3t5IfDfULvBlxhdizQ/36DR3Wu1t7UgA==",
      "cpu": [
        "x64"
      ],
      "license": "MIT",
      "optional": true,
      "os": [
        "win32"
      ]
    }
  }
}
